
Microsoft Visual Studio Solution File, Format Version 12.00
# Visual Studio Version 17
VisualStudioVersion = 17.8.34330.188
MinimumVisualStudioVersion = 10.0.40219.1
Project("{9A19103F-16F7-4668-BE54-9A1E7A4F7556}") = "LostFindingApi", "LostFindingApi\LostFindingApi.csproj", "{0B36304A-7EFB-4E9F-A04B-B28154A0D629}"
EndProject
Global
	GlobalSection(SolutionConfigurationPlatforms) = preSolution
		Debug|Any CPU = Debug|Any CPU
		Release|Any CPU = Release|Any CPU
	EndGlobalSection
	GlobalSection(ProjectConfigurationPlatforms) = postSolution
		{0B36304A-7EFB-4E9F-A04B-B28154A0D629}.Debug|Any CPU.ActiveCfg = Debug|Any CPU
		{0B36304A-7EFB-4E9F-A04B-B28154A0D629}.Debug|Any CPU.Build.0 = Debug|Any CPU
		{0B36304A-7EFB-4E9F-A04B-B28154A0D629}.Release|Any CPU.ActiveCfg = Release|Any CPU
		{0B36304A-7EFB-4E9F-A04B-B28154A0D629}.Release|Any CPU.Build.0 = Release|Any CPU
	EndGlobalSection
	GlobalSection(SolutionProperties) = preSolution
		HideSolutionNode = FALSE
	EndGlobalSection
	GlobalSection(ExtensibilityGlobals) = postSolution
		SolutionGuid = {643266E6-91A4-46F4-B33A-4799705B04AE}
	EndGlobalSection
EndGlobal
